github.com/Masterminds/semver/v3 v3.2.1 h1:RN9w6+7QoMeJVGyfmbcgs28Br8cvmnucEXnY0rYXWg0=
github.com/Masterminds/semver/v3 v3.2.1/go.mod h1:qvl/7zhW3nngYb5+80sSMF+FG2BjYrf8m9wsX0PNOMQ=
github.com/dlclark/regexp2 v1.11.4 h1:rPYF9/LECdNymJufQKmri9gV604RvvABwgOA8un7yAo=
github.com/dlclark/regexp2 v1.11.4/go.mod h1:DHkYz0B9wPfa6wondMfaivmHpzrQ3v9q8cnmRbL6yW8=
github.com/dop251/base64dec v0.0.0-20231022112746-c6c9f9a96217 h1:16iT9CBDOniJwFGPI41MbUDfEk74hFaKTqudrX8kenY=
github.com/dop251/base64dec v0.0.0-20231022112746-c6c9f9a96217/go.mod h1:eIb+f24U+eWQCIsj9D/ah+MD9UP+wdxuqzsdLD+mhGM=
github.com/dop251/goja v0.0.0-20240927123429-241b342198c2 h1:Ux9RXuPQmTB4C1MKagNLme0krvq8ulewfor+ORO/QL4=
github.com/dop251/goja v0.0.0-20240927123429-241b342198c2/go.mod h1:MxLav0peU43GgvwVgNbLAj1s/bSGboKkhuULvq/7hx4=
github.com/dop251/goja_nodejs v0.0.0-20240728170619-29b559befffc h1:MKYt39yZJi0Z9xEeRmDX2L4ocE0ETKcHKw6MVL3R+co=
github.com/dop251/goja_nodejs v0.0.0-20240728170619-29b559befffc/go.mod h1:VULptt4Q/fNzQUJlqY/GP3qHyU7ZH46mFkBZe0ZTokU=
github.com/fatih/structs v1.1.0 h1:Q7juDM0QtcnhCpeyLGQKyg4TOIghuNXrkL32pHAUMxo=
github.com/fatih/structs v1.1.0/go.mod h1:9NiDSp5zOcgEDl+j00MP/WkGVPOlPRLejGD8Ga6PJ7M=
github.com/go-sourcemap/sourcemap v2.1.4+incompatible h1:a+iTbH5auLKxaNwQFg0B+TCYl6lbukKPc7b5x0n1s6Q=
github.com/go-sourcemap/sourcemap v2.1.4+incompatible/go.mod h1:F8jJfvm2KbVjc5NqelyYJmf/v5J0dwNLS2mL4sNA1Jg=
github.com/google/pprof v0.0.0-20241001023024-f4c0cfd0cf1d h1:Jaz2JzpQaQXyET0AjLBXShrthbpqMkhGiEfkcQAiAUs=
github.com/google/pprof v0.0.0-20241001023024-f4c0cfd0cf1d/go.mod h1:vavhavw2zAxS5dIdcRluK6cSGGPlZynqzFM8NdvU144=
github.com/google/uuid v1.6.0 h1:NIvaJDMOsjHA8n1jAhLSgzrAzy1Hgr+hNrb57e+94F0=
github.com/google/uuid v1.6.0/go.mod h1:TIyPZe4MgqvfeYDBFedMoGGpEw/LqOeaOT+nhxU+yHo=
github.com/gopherjs/gopherjs v1.17.2 h1:fQnZVsXk8uxXIStYb0N4bGk7jeyTalG/wsZjQ25dO0g=
github.com/gopherjs/gopherjs v1.17.2/go.mod h1:pRRIvn/QzFLrKfvEz3qUuEhtE/zLCWfreZ6J5gM2i+k=
github.com/jtolds/gls v4.20.0+incompatible h1:xdiiI2gbIgH/gLH7ADydsJ1uDOEzR8yvV7C0MuV77Wo=
github.com/jtolds/gls v4.20.0+incompatible/go.mod h1:QJZ7F/aHp+rZTRtaJ1ow/lLfFfVYBRgL+9YlvaHOwJU=
github.com/mitchellh/mapstructure v1.5.0 h1:jeMsZIYE/09sWLaz43PL7Gy6RuMjD2eJVyuac5Z2hdY=
github.com/mitchellh/mapstructure v1.5.0/go.mod h1:bFUtVrKA4DC2yAKiSyO/QUcy7e+RRV2QTWOzhPopBRo=
github.com/pefish/go-desensitize v0.0.7 h1:7YZMo6nWvb8soIB0HIG5qc0Zy1t9RBjZ6E7XcbzosBE=
github.com/pefish/go-desensitize v0.0.7/go.mod h1:uXY6qOL5bhJVNZALEUaWiIZ1uGe6d7u0pKsKBdBHHEg=
github.com/pefish/go-format v0.4.2 h1:8hu8M/o1jR2mbwmj+tKbunzm00LsqyxB1EqeCi/3Qew=
github.com/pefish/go-format v0.4.2/go.mod h1:zS1wcGSy1wcGB+p9OVOoO8RSrbdPOKfEkS6aW7KtGEM=
github.com/pefish/go-http v0.8.4 h1:m9S+vzLjWeZ68w79Eom2HAkvp3gAhAo5lhrRUd5mk2s=
github.com/pefish/go-http v0.8.4/go.mod h1:Rf+tZpHKKrM51npJNUCzBtd7ACjdwEzdsQ9sqPuGP3k=
github.com/pefish/go-interface v0.1.2 h1:CmBUP7e/mwFrqy2UiTb2637HzP4T1QlZPimgOOsWCQw=
github.com/pefish/go-interface v0.1.2/go.mod h1:usSGQkQvVOKPGeDEEYpA7EnqCT/kADcLQxmfdRfMQXE=
github.com/pefish/go-test v0.0.4 h1:s1RmZWe91K1MtENJUcl7CjGUFK/TmleZ5h3OkHq/BTI=
github.com/pefish/go-test v0.0.4/go.mod h1:z9DAQQyjfKx0dRTBSaJCOSMwyMjwNEHI+/CBwNaCwk0=
github.com/pkg/errors v0.9.1 h1:FEBLx1zS214owpjy7qsBeixbURkuhQAwrK5UwLGTwt4=
github.com/pkg/errors v0.9.1/go.mod h1:bwawxfHBFNV+L2hUp1rHADufV3IMtnDRdf1r5NINEl0=
github.com/smarty/assertions v1.16.0 h1:EvHNkdRA4QHMrn75NZSoUQ/mAUXAYWfatfB01yTCzfY=
github.com/smarty/assertions v1.16.0/go.mod h1:duaaFdCS0K9dnoM50iyek/eYINOZ64gbh1Xlf6LG7AI=
github.com/smartystreets/goconvey v1.8.1 h1:qGjIddxOk4grTu9JPOU31tVfq3cNdBlNa5sSznIX1xY=
github.com/smartystreets/goconvey v1.8.1/go.mod h1:+/u4qLyY6x1jReYOp7GOM2FSt8aP9CzCZL03bI28W60=
golang.org/x/net v0.29.0 h1:5ORfpBpCs4HzDYoodCDBbwHzdR5UrLBZ3sOnUJmFoHo=
golang.org/x/net v0.29.0/go.mod h1:gLkgy8jTGERgjzMic6DS9+SP0ajcu6Xu3Orq/SpETg0=
golang.org/x/text v0.18.0 h1:XvMDiNzPAl0jr17s6W9lcaIhGUfUORdGCNsuLmPG224=
golang.org/x/text v0.18.0/go.mod h1:BuEKDfySbSR4drPmRPG/7iBdf8hvFMuRexcpahXilzY=
gopkg.in/yaml.v2 v2.4.0 h1:D8xgwECY7CYvx+Y2n4sBz93Jn9JRvxdiyyo8CTfuKaY=
gopkg.in/yaml.v2 v2.4.0/go.mod h1:RDklbk79AGWmwhnvt/jBztapEOGDOx6ZbXqjP6csGnQ=
moul.io/http2curl v1.0.0 h1:6XwpyZOYsgZJrU8exnG87ncVkU1FVCcTRpwzOkTDUi8=
moul.io/http2curl v1.0.0/go.mod h1:f6cULg+e4Md/oW1cYmwW4IWQOVl2lGbmCNGOHvzX2kE=
